// !$*UTF8*$!
{
	archiveVersion = 1;
	classes = {
	};
	objectVersion = 50;
	objects = {

/* Begin PBXBuildFile section */
		2D58610F25F3AFEC0071C20B /* ChatHomeViewController.swift in Sources */ = {isa = PBXBuildFile; fileRef = 2D58610D25F3AFEC0071C20B /* ChatHomeViewController.swift */; };
		2D58611025F3AFEC0071C20B /* ChatHomeViewController.xib in Resources */ = {isa = PBXBuildFile; fileRef = 2D58610E25F3AFEC0071C20B /* ChatHomeViewController.xib */; };
		2D58611725F3B1320071C20B /* ChatRealViewController.swift in Sources */ = {isa = PBXBuildFile; fileRef = 2D58611525F3B1320071C20B /* ChatRealViewController.swift */; };
		2D58611825F3B1320071C20B /* ChatRealViewController.xib in Resources */ = {isa = PBXBuildFile; fileRef = 2D58611625F3B1320071C20B /* ChatRealViewController.xib */; };
		2D58611D25F3B1440071C20B /* ChatAddressViewController.swift in Sources */ = {isa = PBXBuildFile; fileRef = 2D58611B25F3B1440071C20B /* ChatAddressViewController.swift */; };
		2D58611E25F3B1440071C20B /* ChatAddressViewController.xib in Resources */ = {isa = PBXBuildFile; fileRef = 2D58611C25F3B1440071C20B /* ChatAddressViewController.xib */; };
		2D58612225F3B1530071C20B /* ChatPersonalViewController.swift in Sources */ = {isa = PBXBuildFile; fileRef = 2D58612025F3B1530071C20B /* ChatPersonalViewController.swift */; };
		2D58612325F3B1530071C20B /* ChatPersonalViewController.xib in Resources */ = {isa = PBXBuildFile; fileRef = 2D58612125F3B1530071C20B /* ChatPersonalViewController.xib */; };
		2D61EC9D25FDEC6900F70545 /* ChatOldLoginViewController.swift in Sources */ = {isa = PBXBuildFile; fileRef = 2D61EC9B25FDEC6900F70545 /* ChatOldLoginViewController.swift */; };
		2D61EC9E25FDEC6900F70545 /* ChatOldLoginViewController.xib in Resources */ = {isa = PBXBuildFile; fileRef = 2D61EC9C25FDEC6900F70545 /* ChatOldLoginViewController.xib */; };
		2DC05B6D25F4AB7200C07125 /* ChatRealViewTableViewCell.swift in Sources */ = {isa = PBXBuildFile; fileRef = 2DC05B6B25F4AB7200C07125 /* ChatRealViewTableViewCell.swift */; };
		2DC05B6E25F4AB7200C07125 /* ChatRealViewTableViewCell.xib in Resources */ = {isa = PBXBuildFile; fileRef = 2DC05B6C25F4AB7200C07125 /* ChatRealViewTableViewCell.xib */; };
		2DC5C5BC25FB8B8B00E45D95 /* ChatLogInViewController.swift in Sources */ = {isa = PBXBuildFile; fileRef = 2DC5C5BA25FB8B8B00E45D95 /* ChatLogInViewController.swift */; };
		2DC5C5BD25FB8B8B00E45D95 /* ChatLogInViewController.xib in Resources */ = {isa = PBXBuildFile; fileRef = 2DC5C5BB25FB8B8B00E45D95 /* ChatLogInViewController.xib */; };
		2DC5C5C925FC537900E45D95 /* ChatLoginStatUtilViewController.swift in Sources */ = {isa = PBXBuildFile; fileRef = 2DC5C5C825FC537900E45D95 /* ChatLoginStatUtilViewController.swift */; };
		2DC7E1FD25FB4A3C004E33EA /* ChatAddressTableViewCell.swift in Sources */ = {isa = PBXBuildFile; fileRef = 2DC7E1FB25FB4A3C004E33EA /* ChatAddressTableViewCell.swift */; };
		2DC7E1FE25FB4A3C004E33EA /* ChatAddressTableViewCell.xib in Resources */ = {isa = PBXBuildFile; fileRef = 2DC7E1FC25FB4A3C004E33EA /* ChatAddressTableViewCell.xib */; };
		2DEB1C5A25F253CA007EB770 /* AppDelegate.swift in Sources */ = {isa = PBXBuildFile; fileRef = 2DEB1C5925F253CA007EB770 /* AppDelegate.swift */; };
		2DEB1C7125F25512007EB770 /* Launch Screen.xib in Resources */ = {isa = PBXBuildFile; fileRef = 2DEB1C7025F25512007EB770 /* Launch Screen.xib */; };
		2DF0397625F513EF00EC0088 /* images.xcassets in Resources */ = {isa = PBXBuildFile; fileRef = 2DF0397525F513EF00EC0088 /* images.xcassets */; };
/* End PBXBuildFile section */

/* Begin PBXFileReference section */
		2D58610D25F3AFEC0071C20B /* ChatHomeViewController.swift */ = {isa = PBXFileReference; lastKnownFileType = sourcecode.swift; path = ChatHomeViewController.swift; sourceTree = "<group>"; };
		2D58610E25F3AFEC0071C20B /* ChatHomeViewController.xib */ = {isa = PBXFileReference; lastKnownFileType = file.xib; path = ChatHomeViewController.xib; sourceTree = "<group>"; };
		2D58611525F3B1320071C20B /* ChatRealViewController.swift */ = {isa = PBXFileReference; lastKnownFileType = sourcecode.swift; path = ChatRealViewController.swift; sourceTree = "<group>"; };
		2D58611625F3B1320071C20B /* ChatRealViewController.xib */ = {isa = PBXFileReference; lastKnownFileType = file.xib; path = ChatRealViewController.xib; sourceTree = "<group>"; };
		2D58611B25F3B1440071C20B /* ChatAddressViewController.swift */ = {isa = PBXFileReference; lastKnownFileType = sourcecode.swift; path = ChatAddressViewController.swift; sourceTree = "<group>"; };
		2D58611C25F3B1440071C20B /* ChatAddressViewController.xib */ = {isa = PBXFileReference; lastKnownFileType = file.xib; path = ChatAddressViewController.xib; sourceTree = "<group>"; };
		2D58612025F3B1530071C20B /* ChatPersonalViewController.swift */ = {isa = PBXFileReference; lastKnownFileType = sourcecode.swift; path = ChatPersonalViewController.swift; sourceTree = "<group>"; };
		2D58612125F3B1530071C20B /* ChatPersonalViewController.xib */ = {isa = PBXFileReference; lastKnownFileType = file.xib; path = ChatPersonalViewController.xib; sourceTree = "<group>"; };
		2D61EC9B25FDEC6900F70545 /* ChatOldLoginViewController.swift */ = {isa = PBXFileReference; lastKnownFileType = sourcecode.swift; path = ChatOldLoginViewController.swift; sourceTree = "<group>"; };
		2D61EC9C25FDEC6900F70545 /* ChatOldLoginViewController.xib */ = {isa = PBXFileReference; lastKnownFileType = file.xib; path = ChatOldLoginViewController.xib; sourceTree = "<group>"; };
		2DC05B6B25F4AB7200C07125 /* ChatRealViewTableViewCell.swift */ = {isa = PBXFileReference; lastKnownFileType = sourcecode.swift; path = ChatRealViewTableViewCell.swift; sourceTree = "<group>"; };
		2DC05B6C25F4AB7200C07125 /* ChatRealViewTableViewCell.xib */ = {isa = PBXFileReference; lastKnownFileType = file.xib; path = ChatRealViewTableViewCell.xib; sourceTree = "<group>"; };
		2DC5C5BA25FB8B8B00E45D95 /* ChatLogInViewController.swift */ = {isa = PBXFileReference; lastKnownFileType = sourcecode.swift; path = ChatLogInViewController.swift; sourceTree = "<group>"; };
		2DC5C5BB25FB8B8B00E45D95 /* ChatLogInViewController.xib */ = {isa = PBXFileReference; lastKnownFileType = file.xib; path = ChatLogInViewController.xib; sourceTree = "<group>"; };
		2DC5C5C825FC537900E45D95 /* ChatLoginStatUtilViewController.swift */ = {isa = PBXFileReference; lastKnownFileType = sourcecode.swift; path = ChatLoginStatUtilViewController.swift; sourceTree = "<group>"; };
		2DC7E1FB25FB4A3C004E33EA /* ChatAddressTableViewCell.swift */ = {isa = PBXFileReference; lastKnownFileType = sourcecode.swift; path = ChatAddressTableViewCell.swift; sourceTree = "<group>"; };
		2DC7E1FC25FB4A3C004E33EA /* ChatAddressTableViewCell.xib */ = {isa = PBXFileReference; lastKnownFileType = file.xib; path = ChatAddressTableViewCell.xib; sourceTree = "<group>"; };
		2DEB1C5625F253CA007EB770 /* chat.app */ = {isa = PBXFileReference; explicitFileType = wrapper.application; includeInIndex = 0; path = chat.app; sourceTree = BUILT_PRODUCTS_DIR; };
		2DEB1C5925F253CA007EB770 /* AppDelegate.swift */ = {isa = PBXFileReference; lastKnownFileType = sourcecode.swift; path = AppDelegate.swift; sourceTree = "<group>"; };
		2DEB1C6725F253CA007EB770 /* Info.plist */ = {isa = PBXFileReference; lastKnownFileType = text.plist.xml; path = Info.plist; sourceTree = "<group>"; };
		2DEB1C7025F25512007EB770 /* Launch Screen.xib */ = {isa = PBXFileReference; lastKnownFileType = file.xib; path = "Launch Screen.xib"; sourceTree = "<group>"; };
		2DF0397525F513EF00EC0088 /* images.xcassets */ = {isa = PBXFileReference; lastKnownFileType = folder.assetcatalog; path = images.xcassets; sourceTree = "<group>"; };
/* End PBXFileReference section */

/* Begin PBXFrameworksBuildPhase section */
		2DEB1C5325F253CA007EB770 /* Frameworks */ = {
			isa = PBXFrameworksBuildPhase;
			buildActionMask = 2147483647;
			files = (
			);
			runOnlyForDeploymentPostprocessing = 0;
		};
/* End PBXFrameworksBuildPhase section */

/* Begin PBXGroup section */
		2D58611225F3B0710071C20B /* Personal */ = {
			isa = PBXGroup;
			children = (
				2D58612025F3B1530071C20B /* ChatPersonalViewController.swift */,
				2D58612125F3B1530071C20B /* ChatPersonalViewController.xib */,
			);
			path = Personal;
			sourceTree = "<group>";
		};
		2D58611325F3B0B50071C20B /* AddressList */ = {
			isa = PBXGroup;
			children = (
				2DC7E1FA25FB49A2004E33EA /* view */,
				2D58611B25F3B1440071C20B /* ChatAddressViewController.swift */,
				2D58611C25F3B1440071C20B /* ChatAddressViewController.xib */,
			);
			path = AddressList;
			sourceTree = "<group>";
		};
		2D58611425F3B10F0071C20B /* RealChat */ = {
			isa = PBXGroup;
			children = (
				2DC05B6A25F4A3C600C07125 /* view */,
				2D58611525F3B1320071C20B /* ChatRealViewController.swift */,
				2D58611625F3B1320071C20B /* ChatRealViewController.xib */,
			);
			path = RealChat;
			sourceTree = "<group>";
		};
		2D618D2E25F2772300972BCA /* Models */ = {
			isa = PBXGroup;
			children = (
			);
			path = Models;
			sourceTree = "<group>";
		};
		2D61EC9A25FDEC3E00F70545 /* oldLogIn */ = {
			isa = PBXGroup;
			children = (
				2D61EC9B25FDEC6900F70545 /* ChatOldLoginViewController.swift */,
				2D61EC9C25FDEC6900F70545 /* ChatOldLoginViewController.xib */,
			);
			path = oldLogIn;
			sourceTree = "<group>";
		};
		2DC05B6A25F4A3C600C07125 /* view */ = {
			isa = PBXGroup;
			children = (
				2DC05B6B25F4AB7200C07125 /* ChatRealViewTableViewCell.swift */,
				2DC05B6C25F4AB7200C07125 /* ChatRealViewTableViewCell.xib */,
			);
			path = view;
			sourceTree = "<group>";
		};
		2DC5C5B825FB8B4500E45D95 /* LogIn */ = {
			isa = PBXGroup;
			children = (
				2D61EC9A25FDEC3E00F70545 /* oldLogIn */,
				2DC5C5C625FC532000E45D95 /* stat */,
				2DC5C5C425FB923D00E45D95 /* phoneLogIn */,
				2DC5C5BA25FB8B8B00E45D95 /* ChatLogInViewController.swift */,
				2DC5C5BB25FB8B8B00E45D95 /* ChatLogInViewController.xib */,
			);
			path = LogIn;
			sourceTree = "<group>";
		};
		2DC5C5C425FB923D00E45D95 /* phoneLogIn */ = {
			isa = PBXGroup;
			children = (
			);
			path = phoneLogIn;
			sourceTree = "<group>";
		};
		2DC5C5C625FC532000E45D95 /* stat */ = {
			isa = PBXGroup;
			children = (
				2DC5C5C825FC537900E45D95 /* ChatLoginStatUtilViewController.swift */,
			);
			path = stat;
			sourceTree = "<group>";
		};
		2DC7E1FA25FB49A2004E33EA /* view */ = {
			isa = PBXGroup;
			children = (
				2DC7E1FB25FB4A3C004E33EA /* ChatAddressTableViewCell.swift */,
				2DC7E1FC25FB4A3C004E33EA /* ChatAddressTableViewCell.xib */,
			);
			path = view;
			sourceTree = "<group>";
		};
		2DEB1C4D25F253CA007EB770 = {
			isa = PBXGroup;
			children = (
				2DEB1C5825F253CA007EB770 /* chat */,
				2DEB1C5725F253CA007EB770 /* Products */,
			);
			sourceTree = "<group>";
		};
		2DEB1C5725F253CA007EB770 /* Products */ = {
			isa = PBXGroup;
			children = (
				2DEB1C5625F253CA007EB770 /* chat.app */,
			);
			name = Products;
			sourceTree = "<group>";
		};
		2DEB1C5825F253CA007EB770 /* chat */ = {
			isa = PBXGroup;
			children = (
				2DEB1C6E25F25420007EB770 /* Classes */,
				2DEB1C6725F253CA007EB770 /* Info.plist */,
			);
			path = chat;
			sourceTree = "<group>";
		};
		2DEB1C6E25F25420007EB770 /* Classes */ = {
			isa = PBXGroup;
			children = (
				2D618D2E25F2772300972BCA /* Models */,
				2DEB1C6F25F25443007EB770 /* ViewController */,
				2DF0397525F513EF00EC0088 /* images.xcassets */,
				2DEB1C5925F253CA007EB770 /* AppDelegate.swift */,
				2DEB1C7025F25512007EB770 /* Launch Screen.xib */,
			);
			path = Classes;
			sourceTree = "<group>";
		};
		2DEB1C6F25F25443007EB770 /* ViewController */ = {
			isa = PBXGroup;
			children = (
				2DC5C5B825FB8B4500E45D95 /* LogIn */,
				2D58611425F3B10F0071C20B /* RealChat */,
				2D58611325F3B0B50071C20B /* AddressList */,
				2D58611225F3B0710071C20B /* Personal */,
				2D58610D25F3AFEC0071C20B /* ChatHomeViewController.swift */,
				2D58610E25F3AFEC0071C20B /* ChatHomeViewController.xib */,
			);
			path = ViewController;
			sourceTree = "<group>";
		};
/* End PBXGroup section */

/* Begin PBXNativeTarget section */
		2DEB1C5525F253CA007EB770 /* chat */ = {
			isa = PBXNativeTarget;
			buildConfigurationList = 2DEB1C6A25F253CA007EB770 /* Build configuration list for PBXNativeTarget "chat" */;
			buildPhases = (
				2DEB1C5225F253CA007EB770 /* Sources */,
				2DEB1C5325F253CA007EB770 /* Frameworks */,
				2DEB1C5425F253CA007EB770 /* Resources */,
			);
			buildRules = (
			);
			dependencies = (
			);
			name = chat;
			productName = chat;
			productReference = 2DEB1C5625F253CA007EB770 /* chat.app */;
			productType = "com.apple.product-type.application";
		};
/* End PBXNativeTarget section */

/* Begin PBXProject section */
		2DEB1C4E25F253CA007EB770 /* Project object */ = {
			isa = PBXProject;
			attributes = {
				LastSwiftUpdateCheck = 1240;
				LastUpgradeCheck = 1240;
				TargetAttributes = {
					2DEB1C5525F253CA007EB770 = {
						CreatedOnToolsVersion = 12.4;
					};
				};
			};
			buildConfigurationList = 2DEB1C5125F253CA007EB770 /* Build configuration list for PBXProject "chat" */;
			compatibilityVersion = "Xcode 9.3";
			developmentRegion = en;
			hasScannedForEncodings = 0;
			knownRegions = (
				en,
				Base,
			);
			mainGroup = 2DEB1C4D25F253CA007EB770;
			productRefGroup = 2DEB1C5725F253CA007EB770 /* Products */;
			projectDirPath = "";
			projectRoot = "";
			targets = (
				2DEB1C5525F253CA007EB770 /* chat */,
			);
		};
/* End PBXProject section */

/* Begin PBXResourcesBuildPhase section */
		2DEB1C5425F253CA007EB770 /* Resources */ = {
			isa = PBXResourcesBuildPhase;
			buildActionMask = 2147483647;
			files = (
				2D61EC9E25FDEC6900F70545 /* ChatOldLoginViewController.xib in Resources */,
				2DEB1C7125F25512007EB770 /* Launch Screen.xib in Resources */,
				2DC5C5BD25FB8B8B00E45D95 /* ChatLogInViewController.xib in Resources */,
				2DF0397625F513EF00EC0088 /* images.xcassets in Resources */,
				2D58611025F3AFEC0071C20B /* ChatHomeViewController.xib in Resources */,
				2D58611E25F3B1440071C20B /* ChatAddressViewController.xib in Resources */,
				2D58611825F3B1320071C20B /* ChatRealViewController.xib in Resources */,
				2D58612325F3B1530071C20B /* ChatPersonalViewController.xib in Resources */,
				2DC7E1FE25FB4A3C004E33EA /* ChatAddressTableViewCell.xib in Resources */,
				2DC05B6E25F4AB7200C07125 /* ChatRealViewTableViewCell.xib in Resources */,
			);
			runOnlyForDeploymentPostprocessing = 0;
		};
/* End PBXResourcesBuildPhase section */

/* Begin PBXSourcesBuildPhase section */
		2DEB1C5225F253CA007EB770 /* Sources */ = {
			isa = PBXSourcesBuildPhase;
			buildActionMask = 2147483647;
			files = (
				2DC5C5BC25FB8B8B00E45D95 /* ChatLogInViewController.swift in Sources */,
				2DEB1C5A25F253CA007EB770 /* AppDelegate.swift in Sources */,
				2DC7E1FD25FB4A3C004E33EA /* ChatAddressTableViewCell.swift in Sources */,
				2D58610F25F3AFEC0071C20B /* ChatHomeViewController.swift in Sources */,
				2D61EC9D25FDEC6900F70545 /* ChatOldLoginViewController.swift in Sources */,
				2D58612225F3B1530071C20B /* ChatPersonalViewController.swift in Sources */,
				2D58611725F3B1320071C20B /* ChatRealViewController.swift in Sources */,
				2DC5C5C925FC537900E45D95 /* ChatLoginStatUtilViewController.swift in Sources */,
				2DC05B6D25F4AB7200C07125 /* ChatRealViewTableViewCell.swift in Sources */,
				2D58611D25F3B1440071C20B /* ChatAddressViewController.swift in Sources */,
			);
			runOnlyForDeploymentPostprocessing = 0;
		};
/* End PBXSourcesBuildPhase section */

/* Begin XCBuildConfiguration section */
		2DEB1C6825F253CA007EB770 /* Debug */ = {
			isa = XCBuildConfiguration;
			buildSettings = {
				ALWAYS_SEARCH_USER_PATHS = NO;
				CLANG_ANALYZER_NONNULL = YES;
				CLANG_ANALYZER_NUMBER_OBJECT_CONVERSION = YES_AGGRESSIVE;
				CLANG_CXX_LANGUAGE_STANDARD = "gnu++14";
				CLANG_CXX_LIBRARY = "libc++";
				CLANG_ENABLE_MODULES = YES;
				CLANG_ENABLE_OBJC_ARC = YES;
				CLANG_ENABLE_OBJC_WEAK = YES;
				CLANG_WARN_BLOCK_CAPTURE_AUTORELEASING = YES;
				CLANG_WARN_BOOL_CONVERSION = YES;
				CLANG_WARN_COMMA = YES;
				CLANG_WARN_CONSTANT_CONVERSION = YES;
				CLANG_WARN_DEPRECATED_OBJC_IMPLEMENTATIONS = YES;
				CLANG_WARN_DIRECT_OBJC_ISA_USAGE = YES_ERROR;
				CLANG_WARN_DOCUMENTATION_COMMENTS = YES;
				CLANG_WARN_EMPTY_BODY = YES;
				CLANG_WARN_ENUM_CONVERSION = YES;
				CLANG_WARN_INFINITE_RECURSION = YES;
				CLANG_WARN_INT_CONVERSION = YES;
				CLANG_WARN_NON_LITERAL_NULL_CONVERSION = YES;
				CLANG_WARN_OBJC_IMPLICIT_RETAIN_SELF = YES;
				CLANG_WARN_OBJC_LITERAL_CONVERSION = YES;
				CLANG_WARN_OBJC_ROOT_CLASS = YES_ERROR;
				CLANG_WARN_QUOTED_INCLUDE_IN_FRAMEWORK_HEADER = YES;
				CLANG_WARN_RANGE_LOOP_ANALYSIS = YES;
				CLANG_WARN_STRICT_PROTOTYPES = YES;
				CLANG_WARN_SUSPICIOUS_MOVE = YES;
				CLANG_WARN_UNGUARDED_AVAILABILITY = YES_AGGRESSIVE;
				CLANG_WARN_UNREACHABLE_CODE = YES;
				CLANG_WARN__DUPLICATE_METHOD_MATCH = YES;
				COPY_PHASE_STRIP = NO;
				DEBUG_INFORMATION_FORMAT = dwarf;
				ENABLE_STRICT_OBJC_MSGSEND = YES;
				ENABLE_TESTABILITY = YES;
				GCC_C_LANGUAGE_STANDARD = gnu11;
				GCC_DYNAMIC_NO_PIC = NO;
				GCC_NO_COMMON_BLOCKS = YES;
				GCC_OPTIMIZATION_LEVEL = 0;
				GCC_PREPROCESSOR_DEFINITIONS = (
					"DEBUG=1",
					"$(inherited)",
				);
				GCC_WARN_64_TO_32_BIT_CONVERSION = YES;
				GCC_WARN_ABOUT_RETURN_TYPE = YES_ERROR;
				GCC_WARN_UNDECLARED_SELECTOR = YES;
				GCC_WARN_UNINITIALIZED_AUTOS = YES_AGGRESSIVE;
				GCC_WARN_UNUSED_FUNCTION = YES;
				GCC_WARN_UNUSED_VARIABLE = YES;
				IPHONEOS_DEPLOYMENT_TARGET = 14.4;
				MTL_ENABLE_DEBUG_INFO = INCLUDE_SOURCE;
				MTL_FAST_MATH = YES;
				ONLY_ACTIVE_ARCH = YES;
				SDKROOT = iphoneos;
				SWIFT_ACTIVE_COMPILATION_CONDITIONS = DEBUG;
				SWIFT_OPTIMIZATION_LEVEL = "-Onone";
			};
			name = Debug;
		};
		2DEB1C6925F253CA007EB770 /* Release */ = {
			isa = XCBuildConfiguration;
			buildSettings = {
				ALWAYS_SEARCH_USER_PATHS = NO;
				CLANG_ANALYZER_NONNULL = YES;
				CLANG_ANALYZER_NUMBER_OBJECT_CONVERSION = YES_AGGRESSIVE;
				CLANG_CXX_LANGUAGE_STANDARD = "gnu++14";
				CLANG_CXX_LIBRARY = "libc++";
				CLANG_ENABLE_MODULES = YES;
				CLANG_ENABLE_OBJC_ARC = YES;
				CLANG_ENABLE_OBJC_WEAK = YES;
				CLANG_WARN_BLOCK_CAPTURE_AUTORELEASING = YES;
				CLANG_WARN_BOOL_CONVERSION = YES;
				CLANG_WARN_COMMA = YES;
				CLANG_WARN_CONSTANT_CONVERSION = YES;
				CLANG_WARN_DEPRECATED_OBJC_IMPLEMENTATIONS = YES;
				CLANG_WARN_DIRECT_OBJC_ISA_USAGE = YES_ERROR;
				CLANG_WARN_DOCUMENTATION_COMMENTS = YES;
				CLANG_WARN_EMPTY_BODY = YES;
				CLANG_WARN_ENUM_CONVERSION = YES;
				CLANG_WARN_INFINITE_RECURSION = YES;
				CLANG_WARN_INT_CONVERSION = YES;
				CLANG_WARN_NON_LITERAL_NULL_CONVERSION = YES;
				CLANG_WARN_OBJC_IMPLICIT_RETAIN_SELF = YES;
				CLANG_WARN_OBJC_LITERAL_CONVERSION = YES;
				CLANG_WARN_OBJC_ROOT_CLASS = YES_ERROR;
				CLANG_WARN_QUOTED_INCLUDE_IN_FRAMEWORK_HEADER = YES;
				CLANG_WARN_RANGE_LOOP_ANALYSIS = YES;
				CLANG_WARN_STRICT_PROTOTYPES = YES;
				CLANG_WARN_SUSPICIOUS_MOVE = YES;
				CLANG_WARN_UNGUARDED_AVAILABILITY = YES_AGGRESSIVE;
				CLANG_WARN_UNREACHABLE_CODE = YES;
				CLANG_WARN__DUPLICATE_METHOD_MATCH = YES;
				COPY_PHASE_STRIP = NO;
				DEBUG_INFORMATION_FORMAT = "dwarf-with-dsym";
				ENABLE_NS_ASSERTIONS = NO;
				ENABLE_STRICT_OBJC_MSGSEND = YES;
				GCC_C_LANGUAGE_STANDARD = gnu11;
				GCC_NO_COMMON_BLOCKS = YES;
				GCC_WARN_64_TO_32_BIT_CONVERSION = YES;
				GCC_WARN_ABOUT_RETURN_TYPE = YES_ERROR;
				GCC_WARN_UNDECLARED_SELECTOR = YES;
				GCC_WARN_UNINITIALIZED_AUTOS = YES_AGGRESSIVE;
				GCC_WARN_UNUSED_FUNCTION = YES;
				GCC_WARN_UNUSED_VARIABLE = YES;
				IPHONEOS_DEPLOYMENT_TARGET = 14.4;
				MTL_ENABLE_DEBUG_INFO = NO;
				MTL_FAST_MATH = YES;
				SDKROOT = iphoneos;
				SWIFT_COMPILATION_MODE = wholemodule;
				SWIFT_OPTIMIZATION_LEVEL = "-O";
				VALIDATE_PRODUCT = YES;
			};
			name = Release;
		};
		2DEB1C6B25F253CA007EB770 /* Debug */ = {
			isa = XCBuildConfiguration;
			buildSettings = {
				ASSETCATALOG_COMPILER_APPICON_NAME = AppIcon;
				ASSETCATALOG_COMPILER_GLOBAL_ACCENT_COLOR_NAME = AccentColor;
				ASSETCATALOG_COMPILER_LAUNCHIMAGE_NAME = "";
				CODE_SIGN_STYLE = Automatic;
				INFOPLIST_FILE = chat/Info.plist;
				IPHONEOS_DEPLOYMENT_TARGET = 9.0;
				LD_RUNPATH_SEARCH_PATHS = (
					"$(inherited)",
					"@executable_path/Frameworks",
				);
				PRODUCT_BUNDLE_IDENTIFIER = com.caojian.xianligong.chat;
				PRODUCT_NAME = "$(TARGET_NAME)";
				SWIFT_VERSION = 5.0;
				TARGETED_DEVICE_FAMILY = 1;
			};
			name = Debug;
		};
		2DEB1C6C25F253CA007EB770 /* Release */ = {
			isa = XCBuildConfiguration;
			buildSettings = {
				ASSETCATALOG_COMPILER_APPICON_NAME = AppIcon;
				ASSETCATALOG_COMPILER_GLOBAL_ACCENT_COLOR_NAME = AccentColor;
				ASSETCATALOG_COMPILER_LAUNCHIMAGE_NAME = "";
				CODE_SIGN_STYLE = Automatic;
				INFOPLIST_FILE = chat/Info.plist;
				IPHONEOS_DEPLOYMENT_TARGET = 9.0;
				LD_RUNPATH_SEARCH_PATHS = (
					"$(inherited)",
					"@executable_path/Frameworks",
				);
				PRODUCT_BUNDLE_IDENTIFIER = com.caojian.xianligong.chat;
				PRODUCT_NAME = "$(TARGET_NAME)";
				SWIFT_VERSION = 5.0;
				TARGETED_DEVICE_FAMILY = 1;
			};
			name = Release;
		};
/* End XCBuildConfiguration section */

/* Begin XCConfigurationList section */
		2DEB1C5125F253CA007EB770 /* Build configuration list for PBXProject "chat" */ = {
			isa = XCConfigurationList;
			buildConfigurations = (
				2DEB1C6825F253CA007EB770 /* Debug */,
				2DEB1C6925F253CA007EB770 /* Release */,
			);
			defaultConfigurationIsVisible = 0;
			defaultConfigurationName = Release;
		};
		2DEB1C6A25F253CA007EB770 /* Build configuration list for PBXNativeTarget "chat" */ = {
			isa = XCConfigurationList;
			buildConfigurations = (
				2DEB1C6B25F253CA007EB770 /* Debug */,
				2DEB1C6C25F253CA007EB770 /* Release */,
			);
			defaultConfigurationIsVisible = 0;
			defaultConfigurationName = Release;
		};
/* End XCConfigurationList section */
	};
	rootObject = 2DEB1C4E25F253CA007EB770 /* Project object */;
}
